
Microsoft Visual Studio Solution File, Format Version 12.00
# Visual Studio 2013
VisualStudioVersion = 12.0.21005.1
MinimumVisualStudioVersion = 10.0.40219.1
Project("{8BC9CEB8-8B4A-11D0-8D11-00A0C91BC942}") = "灰色图像的特征提取", "灰色图像的特征提取\灰色图像的特征提取.vcxproj", "{43AACAB0-4FD8-4BA9-9DB7-2E173CF710F4}"
EndProject
Project("{8BC9CEB8-8B4A-11D0-8D11-00A0C91BC942}") = "test", "test\test.vcxproj", "{C4A92AD6-601E-4493-8AC7-02DAA74A78FE}"
EndProject
Project("{8BC9CEB8-8B4A-11D0-8D11-00A0C91BC942}") = "纹理特征_test", "纹理特征_test\纹理特征_test.vcxproj", "{1B3512D1-1D23-4480-BCC6-EBD4A92CB1CF}"
EndProject
Project("{8BC9CEB8-8B4A-11D0-8D11-00A0C91BC942}") = "获取特征", "获取特征\获取特征.vcxproj", "{BF05FEAB-2DFE-46AF-9FEC-EAA337C81405}"
EndProject
Project("{8BC9CEB8-8B4A-11D0-8D11-00A0C91BC942}") = "分类器SVM", "分类器SVM\分类器SVM.vcxproj", "{D030590C-5B64-4610-8F70-25E2BC0EDBF5}"
EndProject
Global
	GlobalSection(SolutionConfigurationPlatforms) = preSolution
		Debug|Win32 = Debug|Win32
		Release|Win32 = Release|Win32
	EndGlobalSection
	GlobalSection(ProjectConfigurationPlatforms) = postSolution
		{43AACAB0-4FD8-4BA9-9DB7-2E173CF710F4}.Debug|Win32.ActiveCfg = Debug|Win32
		{43AACAB0-4FD8-4BA9-9DB7-2E173CF710F4}.Debug|Win32.Build.0 = Debug|Win32
		{43AACAB0-4FD8-4BA9-9DB7-2E173CF710F4}.Release|Win32.ActiveCfg = Release|Win32
		{43AACAB0-4FD8-4BA9-9DB7-2E173CF710F4}.Release|Win32.Build.0 = Release|Win32
		{C4A92AD6-601E-4493-8AC7-02DAA74A78FE}.Debug|Win32.ActiveCfg = Debug|Win32
		{C4A92AD6-601E-4493-8AC7-02DAA74A78FE}.Debug|Win32.Build.0 = Debug|Win32
		{C4A92AD6-601E-4493-8AC7-02DAA74A78FE}.Release|Win32.ActiveCfg = Release|Win32
		{C4A92AD6-601E-4493-8AC7-02DAA74A78FE}.Release|Win32.Build.0 = Release|Win32
		{1B3512D1-1D23-4480-BCC6-EBD4A92CB1CF}.Debug|Win32.ActiveCfg = Debug|Win32
		{1B3512D1-1D23-4480-BCC6-EBD4A92CB1CF}.Debug|Win32.Build.0 = Debug|Win32
		{1B3512D1-1D23-4480-BCC6-EBD4A92CB1CF}.Release|Win32.ActiveCfg = Release|Win32
		{1B3512D1-1D23-4480-BCC6-EBD4A92CB1CF}.Release|Win32.Build.0 = Release|Win32
		{BF05FEAB-2DFE-46AF-9FEC-EAA337C81405}.Debug|Win32.ActiveCfg = Debug|Win32
		{BF05FEAB-2DFE-46AF-9FEC-EAA337C81405}.Debug|Win32.Build.0 = Debug|Win32
		{BF05FEAB-2DFE-46AF-9FEC-EAA337C81405}.Release|Win32.ActiveCfg = Release|Win32
		{BF05FEAB-2DFE-46AF-9FEC-EAA337C81405}.Release|Win32.Build.0 = Release|Win32
		{D030590C-5B64-4610-8F70-25E2BC0EDBF5}.Debug|Win32.ActiveCfg = Debug|Win32
		{D030590C-5B64-4610-8F70-25E2BC0EDBF5}.Debug|Win32.Build.0 = Debug|Win32
		{D030590C-5B64-4610-8F70-25E2BC0EDBF5}.Release|Win32.ActiveCfg = Release|Win32
		{D030590C-5B64-4610-8F70-25E2BC0EDBF5}.Release|Win32.Build.0 = Release|Win32
	EndGlobalSection
	GlobalSection(SolutionProperties) = preSolution
		HideSolutionNode = FALSE
	EndGlobalSection
EndGlobal
